
Microsoft Visual Studio Solution File, Format Version 12.00
# Visual Studio 2013
VisualStudioVersion = 12.0.30501.0
MinimumVisualStudioVersion = 10.0.40219.1
Project("{FAE04EC0-301F-11D3-BF4B-00C04F79EFBC}") = "RESTfulApiClient_ASP.NET_MVC", "RESTfulApiClient-ASP.NET-MVC\RESTfulApiClient_ASP.NET_MVC.csproj", "{86175528-0348-44CE-9F2D-123FDCF29D5E}"
EndProject
Global
	GlobalSection(SolutionConfigurationPlatforms) = preSolution
		Debug|Any CPU = Debug|Any CPU
		Release|Any CPU = Release|Any CPU
	EndGlobalSection
	GlobalSection(ProjectConfigurationPlatforms) = postSolution
		{86175528-0348-44CE-9F2D-123FDCF29D5E}.Debug|Any CPU.ActiveCfg = Debug|Any CPU
		{86175528-0348-44CE-9F2D-123FDCF29D5E}.Debug|Any CPU.Build.0 = Debug|Any CPU
		{86175528-0348-44CE-9F2D-123FDCF29D5E}.Release|Any CPU.ActiveCfg = Release|Any CPU
		{86175528-0348-44CE-9F2D-123FDCF29D5E}.Release|Any CPU.Build.0 = Release|Any CPU
	EndGlobalSection
	GlobalSection(SolutionProperties) = preSolution
		HideSolutionNode = FALSE
	EndGlobalSection
EndGlobal
